
Microsoft Visual Studio Solution File, Format Version 12.00
# Visual Studio Version 17
VisualStudioVersion = 17.8.34309.116
MinimumVisualStudioVersion = 10.0.40219.1
Project("{FAE04EC0-301F-11D3-BF4B-00C04F79EFBC}") = "AMQ_Test", "AMQ_Test\AMQ_Test.csproj", "{F1732B9B-1F6B-441B-986E-F7FDAC33D4F1}"
EndProject
Project("{FAE04EC0-301F-11D3-BF4B-00C04F79EFBC}") = "AMQ_Consumer", "AMQ_Consumer\AMQ_Consumer.csproj", "{7CDC7822-85D4-4CA7-A2E9-F0BF1E6824CE}"
EndProject
Global
	GlobalSection(SolutionConfigurationPlatforms) = preSolution
		Debug|Any CPU = Debug|Any CPU
		Release|Any CPU = Release|Any CPU
	EndGlobalSection
	GlobalSection(ProjectConfigurationPlatforms) = postSolution
		{F1732B9B-1F6B-441B-986E-F7FDAC33D4F1}.Debug|Any CPU.ActiveCfg = Debug|Any CPU
		{F1732B9B-1F6B-441B-986E-F7FDAC33D4F1}.Debug|Any CPU.Build.0 = Debug|Any CPU
		{F1732B9B-1F6B-441B-986E-F7FDAC33D4F1}.Release|Any CPU.ActiveCfg = Release|Any CPU
		{F1732B9B-1F6B-441B-986E-F7FDAC33D4F1}.Release|Any CPU.Build.0 = Release|Any CPU
		{7CDC7822-85D4-4CA7-A2E9-F0BF1E6824CE}.Debug|Any CPU.ActiveCfg = Debug|Any CPU
		{7CDC7822-85D4-4CA7-A2E9-F0BF1E6824CE}.Debug|Any CPU.Build.0 = Debug|Any CPU
		{7CDC7822-85D4-4CA7-A2E9-F0BF1E6824CE}.Release|Any CPU.ActiveCfg = Release|Any CPU
		{7CDC7822-85D4-4CA7-A2E9-F0BF1E6824CE}.Release|Any CPU.Build.0 = Release|Any CPU
	EndGlobalSection
	GlobalSection(SolutionProperties) = preSolution
		HideSolutionNode = FALSE
	EndGlobalSection
	GlobalSection(ExtensibilityGlobals) = postSolution
		SolutionGuid = {8E878A6E-98FF-4C5D-82F5-50D6E6FAE8CD}
	EndGlobalSection
EndGlobal
